<Solution>
  <Folder Name="/src/">
    <Project Path="src/Construction.API/Construction.API.csproj" />
    <Project Path="src/Construction.Application/Construction.Application.csproj" />
    <Project Path="src/Construction.Domain/Construction.Domain.csproj" />
    <Project Path="src/Construction.Infrastructure/Construction.Infrastructure.csproj" />
  </Folder>
</Solution>
